// !$*UTF8*$!
{
	archiveVersion = 1;
	classes = {
	};
	objectVersion = 46;
	objects = {

/* Begin PBXGroup section */
		A8EDC00F1AF4F5E300A47503 = {
			isa = PBXGroup;
			children = (
			);
			sourceTree = "<group>";
		};
/* End PBXGroup section */

/* Begin PBXProject section */
		A8EDC0101AF4F5E300A47503 /* Project object */ = {
			isa = PBXProject;
			attributes = {
				LastUpgradeCheck = 0630;
			};
			buildConfigurationList = A8EDC0131AF4F5E300A47503 /* Build configuration list for PBXProject "AdMobSupport" */;
			compatibilityVersion = "Xcode 3.2";
			developmentRegion = English;
			hasScannedForEncodings = 0;
			knownRegions = (
				en,
			);
			mainGroup = A8EDC00F1AF4F5E300A47503;
			projectDirPath = "";
			projectRoot = "";
			targets = (
			);
		};
/* End PBXProject section */

/* Begin XCBuildConfiguration section */
		A8EDC0141AF4F5E300A47503 /* Debug */ = {
			isa = XCBuildConfiguration;
			buildSettings = {
			};
			name = Debug;
		};
		A8EDC0151AF4F5E300A47503 /* Release */ = {
			isa = XCBuildConfiguration;
			buildSettings = {
			};
			name = Release;
		};
/* End XCBuildConfiguration section */

/* Begin XCConfigurationList section */
		A8EDC0131AF4F5E300A47503 /* Build configuration list for PBXProject "AdMobSupport" */ = {
			isa = XCConfigurationList;
			buildConfigurations = (
				A8EDC0141AF4F5E300A47503 /* Debug */,
				A8EDC0151AF4F5E300A47503 /* Release */,
			);
			defaultConfigurationIsVisible = 0;
			defaultConfigurationName = Release;
		};
/* End XCConfigurationList section */
	};
	rootObject = A8EDC0101AF4F5E300A47503 /* Project object */;
}
